
Microsoft Visual Studio Solution File, Format Version 12.00
# Visual Studio Version 16
VisualStudioVersion = 16.0.810.17
MinimumVisualStudioVersion = 10.0.40219.1
Project("{FAE04EC0-301F-11D3-BF4B-00C04F79EFBC}") = "Cinema", "Cinema\Cinema.csproj", "{C811CD00-3CCE-4345-B977-BE0455F64FB6}"
EndProject
Global
	GlobalSection(SolutionConfigurationPlatforms) = preSolution
		Debug|Any CPU = Debug|Any CPU
		Release|Any CPU = Release|Any CPU
	EndGlobalSection
	GlobalSection(ProjectConfigurationPlatforms) = postSolution
		{C811CD00-3CCE-4345-B977-BE0455F64FB6}.Debug|Any CPU.ActiveCfg = Debug|Any CPU
		{C811CD00-3CCE-4345-B977-BE0455F64FB6}.Debug|Any CPU.Build.0 = Debug|Any CPU
		{C811CD00-3CCE-4345-B977-BE0455F64FB6}.Release|Any CPU.ActiveCfg = Release|Any CPU
		{C811CD00-3CCE-4345-B977-BE0455F64FB6}.Release|Any CPU.Build.0 = Release|Any CPU
	EndGlobalSection
	GlobalSection(SolutionProperties) = preSolution
		HideSolutionNode = FALSE
	EndGlobalSection
	GlobalSection(ExtensibilityGlobals) = postSolution
		SolutionGuid = {0D6AB5E2-0830-4F5F-BBB2-3287DBD9C385}
	EndGlobalSection
EndGlobal
